
Microsoft Visual Studio Solution File, Format Version 12.00
# Visual Studio Version 17
VisualStudioVersion = 17.12.35514.174
MinimumVisualStudioVersion = 10.0.40219.1
Project("{FAE04EC0-301F-11D3-BF4B-00C04F79EFBC}") = "ATM10Updater", "ATM10-Updater\ATM10Updater.csproj", "{B2343D97-0CDB-4E94-BA95-9EEE3822469B}"
EndProject
Project("{FAE04EC0-301F-11D3-BF4B-00C04F79EFBC}") = "CurseForgeAPI", "CurseForgeAPI\CurseForgeAPI.csproj", "{F687319A-8416-46E4-80F6-6AB6FA8714F3}"
EndProject
Project("{FAE04EC0-301F-11D3-BF4B-00C04F79EFBC}") = "DiscordWebhookMessanger", "DiscordWebhookMessanger\DiscordWebhookMessanger.csproj", "{A193992D-3F2C-4582-85DE-CBB54B3687F7}"
	ProjectSection(ProjectDependencies) = postProject
		{F687319A-8416-46E4-80F6-6AB6FA8714F3} = {F687319A-8416-46E4-80F6-6AB6FA8714F3}
	EndProjectSection
EndProject
Global
	GlobalSection(SolutionConfigurationPlatforms) = preSolution
		Debug|Any CPU = Debug|Any CPU
		Release|Any CPU = Release|Any CPU
	EndGlobalSection
	GlobalSection(ProjectConfigurationPlatforms) = postSolution
		{B2343D97-0CDB-4E94-BA95-9EEE3822469B}.Debug|Any CPU.ActiveCfg = Debug|Any CPU
		{B2343D97-0CDB-4E94-BA95-9EEE3822469B}.Debug|Any CPU.Build.0 = Debug|Any CPU
		{B2343D97-0CDB-4E94-BA95-9EEE3822469B}.Release|Any CPU.ActiveCfg = Release|Any CPU
		{B2343D97-0CDB-4E94-BA95-9EEE3822469B}.Release|Any CPU.Build.0 = Release|Any CPU
		{F687319A-8416-46E4-80F6-6AB6FA8714F3}.Debug|Any CPU.ActiveCfg = Debug|Any CPU
		{F687319A-8416-46E4-80F6-6AB6FA8714F3}.Debug|Any CPU.Build.0 = Debug|Any CPU
		{F687319A-8416-46E4-80F6-6AB6FA8714F3}.Release|Any CPU.ActiveCfg = Release|Any CPU
		{F687319A-8416-46E4-80F6-6AB6FA8714F3}.Release|Any CPU.Build.0 = Release|Any CPU
		{A193992D-3F2C-4582-85DE-CBB54B3687F7}.Debug|Any CPU.ActiveCfg = Debug|Any CPU
		{A193992D-3F2C-4582-85DE-CBB54B3687F7}.Debug|Any CPU.Build.0 = Debug|Any CPU
		{A193992D-3F2C-4582-85DE-CBB54B3687F7}.Release|Any CPU.ActiveCfg = Release|Any CPU
		{A193992D-3F2C-4582-85DE-CBB54B3687F7}.Release|Any CPU.Build.0 = Release|Any CPU
	EndGlobalSection
	GlobalSection(SolutionProperties) = preSolution
		HideSolutionNode = FALSE
	EndGlobalSection
EndGlobal
