
Microsoft Visual Studio Solution File, Format Version 12.00
# Visual Studio Version 17
VisualStudioVersion = 17.5.002.0
MinimumVisualStudioVersion = 10.0.40219.1
Project("{9A19103F-16F7-4668-BE54-9A1E7A4F7556}") = "ATM10Updater", "ATM10Updater.csproj", "{4224CE37-6B0B-4770-BF20-A08B3B560134}"
EndProject
Global
	GlobalSection(SolutionConfigurationPlatforms) = preSolution
		Debug|Any CPU = Debug|Any CPU
		Release|Any CPU = Release|Any CPU
	EndGlobalSection
	GlobalSection(ProjectConfigurationPlatforms) = postSolution
		{4224CE37-6B0B-4770-BF20-A08B3B560134}.Debug|Any CPU.ActiveCfg = Debug|Any CPU
		{4224CE37-6B0B-4770-BF20-A08B3B560134}.Debug|Any CPU.Build.0 = Debug|Any CPU
		{4224CE37-6B0B-4770-BF20-A08B3B560134}.Release|Any CPU.ActiveCfg = Release|Any CPU
		{4224CE37-6B0B-4770-BF20-A08B3B560134}.Release|Any CPU.Build.0 = Release|Any CPU
	EndGlobalSection
	GlobalSection(SolutionProperties) = preSolution
		HideSolutionNode = FALSE
	EndGlobalSection
	GlobalSection(ExtensibilityGlobals) = postSolution
		SolutionGuid = {C72ECD72-0235-46C3-91E3-9BCA637BCA83}
	EndGlobalSection
EndGlobal
